{
  "name": "apps",
  "lockfileVersion": 3,
  "requires": true,
  "packages": {
    "../libs/packages/compiler": {
      "name": "@widget-factory/compiler",
      "version": "0.3.0",
      "extraneous": true,
      "dependencies": {
        "@widget-factory/primitives": "*"
      },
      "peerDependencies": {
        "react": "^18.0.0"
      }
    },
    "../libs/packages/dsl": {
      "name": "@widget-factory/dsl",
      "version": "0.3.0",
      "extraneous": true
    },
    "../libs/packages/dynamic": {
      "name": "@widget-factory/dynamic",
      "version": "0.1.0",
      "extraneous": true,
      "dependencies": {
        "@widget-factory/resizer": "file:../resizer",
        "react": "^18.0.0"
      },
      "peerDependencies": {
        "react": "^18.0.0"
      }
    },
    "../libs/packages/exporter": {
      "name": "@widget-factory/exporter",
      "version": "0.3.0",
      "extraneous": true,
      "dependencies": {
        "html2canvas": "^1.4.1"
      }
    },
    "../libs/packages/icons": {
      "name": "@widget-factory/icons",
      "version": "0.3.0",
      "extraneous": true,
      "dependencies": {
        "lucide-react": "^0.434.0"
      },
      "peerDependencies": {
        "react": "^18.0.0"
      }
    },
    "../libs/packages/primitives": {
      "name": "@widget-factory/primitives",
      "version": "0.3.0",
      "extraneous": true,
      "dependencies": {
        "echarts": "^5.6.0",
        "echarts-for-react": "^3.0.2",
        "zrender": "^6.0.0"
      },
      "peerDependencies": {
        "react": "^18.0.0"
      }
    },
    "../libs/packages/renderer": {
      "name": "@widget-factory/renderer",
      "version": "0.3.0",
      "extraneous": true,
      "dependencies": {
        "@widget-factory/resizer": "*"
      },
      "peerDependencies": {
        "react": "^18.0.0"
      }
    },
    "../libs/packages/resizer": {
      "name": "@widget-factory/resizer",
      "version": "0.1.0",
      "extraneous": true
    },
    "playground": {
      "name": "widget-factory-playground",
      "version": "0.3.0",
      "extraneous": true,
      "dependencies": {
        "@babel/standalone": "^7.28.4",
        "@widget-factory/compiler": "*",
        "@widget-factory/dsl": "*",
        "@widget-factory/exporter": "*",
        "@widget-factory/icons": "*",
        "@widget-factory/primitives": "*",
        "@widget-factory/renderer": "*",
        "html2canvas": "^1.4.1",
        "lucide-react": "^0.434.0",
        "mermaid": "^11.12.0",
        "react": "^18.2.0",
        "react-dom": "^18.2.0",
        "react-dropzone": "^14.2.3",
        "react-syntax-highlighter": "^15.6.6",
        "zustand": "^4.4.7"
      },
      "devDependencies": {
        "@vitejs/plugin-react": "^4.2.1",
        "concurrently": "^8.2.2",
        "playwright": "^1.40.0",
        "vite": "^5.0.0",
        "yaml": "^2.8.1"
      }
    }
  }
}
